
Microsoft Visual Studio Solution File, Format Version 12.00
# Visual Studio 14
VisualStudioVersion = 14.0.25420.1
MinimumVisualStudioVersion = 10.0.40219.1
Project("{FAE04EC0-301F-11D3-BF4B-00C04F79EFBC}") = "demo01", "demo01\demo01.csproj", "{9A26FB48-2807-4042-9572-7D4CB16D6682}"
EndProject
Project("{FAE04EC0-301F-11D3-BF4B-00C04F79EFBC}") = "teht01", "teht01\teht01.csproj", "{CFEA7E8B-3EED-4004-B44A-A00682D9F02C}"
EndProject
Project("{FAE04EC0-301F-11D3-BF4B-00C04F79EFBC}") = "teht02", "teht02\teht02.csproj", "{9D1D33C8-2131-421B-ABAE-CB17A693C8CA}"
EndProject
Project("{FAE04EC0-301F-11D3-BF4B-00C04F79EFBC}") = "teht03", "teht03\teht03.csproj", "{1A2590DF-C243-43CD-A443-B5289AD868AF}"
EndProject
Project("{FAE04EC0-301F-11D3-BF4B-00C04F79EFBC}") = "teht04", "teht04\teht04.csproj", "{FCACB03C-4E1C-4A3A-9178-DE0B0FBCF0B4}"
EndProject
Project("{FAE04EC0-301F-11D3-BF4B-00C04F79EFBC}") = "teht05", "teht05\teht05.csproj", "{AA410222-D0B2-4D2A-8653-7A779F760314}"
EndProject
Project("{FAE04EC0-301F-11D3-BF4B-00C04F79EFBC}") = "teht06", "teht06\teht06.csproj", "{BBFA6EB7-E8C3-46F3-BD1B-60005CD06C97}"
EndProject
Project("{FAE04EC0-301F-11D3-BF4B-00C04F79EFBC}") = "teht07", "teht07\teht07.csproj", "{209961A8-6EAA-484B-B461-F2A006BDF76D}"
EndProject
Project("{FAE04EC0-301F-11D3-BF4B-00C04F79EFBC}") = "teht08", "teht08\teht08.csproj", "{A892C8FF-5E66-4913-8761-129F40FB1A25}"
EndProject
Project("{FAE04EC0-301F-11D3-BF4B-00C04F79EFBC}") = "teht09", "teht09\teht09.csproj", "{24F6F4A5-24DF-47E0-91E3-2EC42E6C479E}"
EndProject
Project("{FAE04EC0-301F-11D3-BF4B-00C04F79EFBC}") = "teht10", "teht10\teht10.csproj", "{6BA73D60-C197-46D6-9796-D08824EA9201}"
EndProject
Project("{FAE04EC0-301F-11D3-BF4B-00C04F79EFBC}") = "teht11", "teht11\teht11.csproj", "{0B22840D-F6C4-414D-BD18-37C99D381AA8}"
EndProject
Project("{FAE04EC0-301F-11D3-BF4B-00C04F79EFBC}") = "teht12", "teht12\teht12.csproj", "{746A78A7-4B24-4CE0-8094-8BCB493EB402}"
EndProject
Project("{FAE04EC0-301F-11D3-BF4B-00C04F79EFBC}") = "teht14", "teht13\teht14.csproj", "{FDCC6DFE-3E27-4778-8D84-4A5E45FB9381}"
EndProject
Global
	GlobalSection(SolutionConfigurationPlatforms) = preSolution
		Debug|Any CPU = Debug|Any CPU
		Release|Any CPU = Release|Any CPU
	EndGlobalSection
	GlobalSection(ProjectConfigurationPlatforms) = postSolution
		{9A26FB48-2807-4042-9572-7D4CB16D6682}.Debug|Any CPU.ActiveCfg = Debug|Any CPU
		{9A26FB48-2807-4042-9572-7D4CB16D6682}.Debug|Any CPU.Build.0 = Debug|Any CPU
		{9A26FB48-2807-4042-9572-7D4CB16D6682}.Release|Any CPU.ActiveCfg = Release|Any CPU
		{9A26FB48-2807-4042-9572-7D4CB16D6682}.Release|Any CPU.Build.0 = Release|Any CPU
		{CFEA7E8B-3EED-4004-B44A-A00682D9F02C}.Debug|Any CPU.ActiveCfg = Debug|Any CPU
		{CFEA7E8B-3EED-4004-B44A-A00682D9F02C}.Debug|Any CPU.Build.0 = Debug|Any CPU
		{CFEA7E8B-3EED-4004-B44A-A00682D9F02C}.Release|Any CPU.ActiveCfg = Release|Any CPU
		{CFEA7E8B-3EED-4004-B44A-A00682D9F02C}.Release|Any CPU.Build.0 = Release|Any CPU
		{9D1D33C8-2131-421B-ABAE-CB17A693C8CA}.Debug|Any CPU.ActiveCfg = Debug|Any CPU
		{9D1D33C8-2131-421B-ABAE-CB17A693C8CA}.Debug|Any CPU.Build.0 = Debug|Any CPU
		{9D1D33C8-2131-421B-ABAE-CB17A693C8CA}.Release|Any CPU.ActiveCfg = Release|Any CPU
		{9D1D33C8-2131-421B-ABAE-CB17A693C8CA}.Release|Any CPU.Build.0 = Release|Any CPU
		{1A2590DF-C243-43CD-A443-B5289AD868AF}.Debug|Any CPU.ActiveCfg = Debug|Any CPU
		{1A2590DF-C243-43CD-A443-B5289AD868AF}.Debug|Any CPU.Build.0 = Debug|Any CPU
		{1A2590DF-C243-43CD-A443-B5289AD868AF}.Release|Any CPU.ActiveCfg = Release|Any CPU
		{1A2590DF-C243-43CD-A443-B5289AD868AF}.Release|Any CPU.Build.0 = Release|Any CPU
		{FCACB03C-4E1C-4A3A-9178-DE0B0FBCF0B4}.Debug|Any CPU.ActiveCfg = Debug|Any CPU
		{FCACB03C-4E1C-4A3A-9178-DE0B0FBCF0B4}.Debug|Any CPU.Build.0 = Debug|Any CPU
		{FCACB03C-4E1C-4A3A-9178-DE0B0FBCF0B4}.Release|Any CPU.ActiveCfg = Release|Any CPU
		{FCACB03C-4E1C-4A3A-9178-DE0B0FBCF0B4}.Release|Any CPU.Build.0 = Release|Any CPU
		{AA410222-D0B2-4D2A-8653-7A779F760314}.Debug|Any CPU.ActiveCfg = Debug|Any CPU
		{AA410222-D0B2-4D2A-8653-7A779F760314}.Debug|Any CPU.Build.0 = Debug|Any CPU
		{AA410222-D0B2-4D2A-8653-7A779F760314}.Release|Any CPU.ActiveCfg = Release|Any CPU
		{AA410222-D0B2-4D2A-8653-7A779F760314}.Release|Any CPU.Build.0 = Release|Any CPU
		{BBFA6EB7-E8C3-46F3-BD1B-60005CD06C97}.Debug|Any CPU.ActiveCfg = Debug|Any CPU
		{BBFA6EB7-E8C3-46F3-BD1B-60005CD06C97}.Debug|Any CPU.Build.0 = Debug|Any CPU
		{BBFA6EB7-E8C3-46F3-BD1B-60005CD06C97}.Release|Any CPU.ActiveCfg = Release|Any CPU
		{BBFA6EB7-E8C3-46F3-BD1B-60005CD06C97}.Release|Any CPU.Build.0 = Release|Any CPU
		{209961A8-6EAA-484B-B461-F2A006BDF76D}.Debug|Any CPU.ActiveCfg = Debug|Any CPU
		{209961A8-6EAA-484B-B461-F2A006BDF76D}.Debug|Any CPU.Build.0 = Debug|Any CPU
		{209961A8-6EAA-484B-B461-F2A006BDF76D}.Release|Any CPU.ActiveCfg = Release|Any CPU
		{209961A8-6EAA-484B-B461-F2A006BDF76D}.Release|Any CPU.Build.0 = Release|Any CPU
		{A892C8FF-5E66-4913-8761-129F40FB1A25}.Debug|Any CPU.ActiveCfg = Debug|Any CPU
		{A892C8FF-5E66-4913-8761-129F40FB1A25}.Debug|Any CPU.Build.0 = Debug|Any CPU
		{A892C8FF-5E66-4913-8761-129F40FB1A25}.Release|Any CPU.ActiveCfg = Release|Any CPU
		{A892C8FF-5E66-4913-8761-129F40FB1A25}.Release|Any CPU.Build.0 = Release|Any CPU
		{24F6F4A5-24DF-47E0-91E3-2EC42E6C479E}.Debug|Any CPU.ActiveCfg = Debug|Any CPU
		{24F6F4A5-24DF-47E0-91E3-2EC42E6C479E}.Debug|Any CPU.Build.0 = Debug|Any CPU
		{24F6F4A5-24DF-47E0-91E3-2EC42E6C479E}.Release|Any CPU.ActiveCfg = Release|Any CPU
		{24F6F4A5-24DF-47E0-91E3-2EC42E6C479E}.Release|Any CPU.Build.0 = Release|Any CPU
		{6BA73D60-C197-46D6-9796-D08824EA9201}.Debug|Any CPU.ActiveCfg = Debug|Any CPU
		{6BA73D60-C197-46D6-9796-D08824EA9201}.Debug|Any CPU.Build.0 = Debug|Any CPU
		{6BA73D60-C197-46D6-9796-D08824EA9201}.Release|Any CPU.ActiveCfg = Release|Any CPU
		{6BA73D60-C197-46D6-9796-D08824EA9201}.Release|Any CPU.Build.0 = Release|Any CPU
		{0B22840D-F6C4-414D-BD18-37C99D381AA8}.Debug|Any CPU.ActiveCfg = Debug|Any CPU
		{0B22840D-F6C4-414D-BD18-37C99D381AA8}.Debug|Any CPU.Build.0 = Debug|Any CPU
		{0B22840D-F6C4-414D-BD18-37C99D381AA8}.Release|Any CPU.ActiveCfg = Release|Any CPU
		{0B22840D-F6C4-414D-BD18-37C99D381AA8}.Release|Any CPU.Build.0 = Release|Any CPU
		{746A78A7-4B24-4CE0-8094-8BCB493EB402}.Debug|Any CPU.ActiveCfg = Debug|Any CPU
		{746A78A7-4B24-4CE0-8094-8BCB493EB402}.Debug|Any CPU.Build.0 = Debug|Any CPU
		{746A78A7-4B24-4CE0-8094-8BCB493EB402}.Release|Any CPU.ActiveCfg = Release|Any CPU
		{746A78A7-4B24-4CE0-8094-8BCB493EB402}.Release|Any CPU.Build.0 = Release|Any CPU
		{FDCC6DFE-3E27-4778-8D84-4A5E45FB9381}.Debug|Any CPU.ActiveCfg = Debug|Any CPU
		{FDCC6DFE-3E27-4778-8D84-4A5E45FB9381}.Debug|Any CPU.Build.0 = Debug|Any CPU
		{FDCC6DFE-3E27-4778-8D84-4A5E45FB9381}.Release|Any CPU.ActiveCfg = Release|Any CPU
		{FDCC6DFE-3E27-4778-8D84-4A5E45FB9381}.Release|Any CPU.Build.0 = Release|Any CPU
	EndGlobalSection
	GlobalSection(SolutionProperties) = preSolution
		HideSolutionNode = FALSE
	EndGlobalSection
EndGlobal
